
Microsoft Visual Studio Solution File, Format Version 12.00
# Visual Studio Version 17
VisualStudioVersion = 17.12.35707.178
MinimumVisualStudioVersion = 10.0.40219.1
Project("{2150E333-8FDC-42A3-9474-1A3956D46DE8}") = "doc", "doc", "{A712F96F-1D44-4539-8FAC-E86DA0A10BA0}"
EndProject
Project("{2150E333-8FDC-42A3-9474-1A3956D46DE8}") = "src", "src", "{53F9912D-1106-4AF9-87CA-25D221D76B3A}"
	ProjectSection(SolutionItems) = preProject
		LICENSE = LICENSE
		README.md = README.md
	EndProjectSection
EndProject
Project("{2150E333-8FDC-42A3-9474-1A3956D46DE8}") = "sample", "sample", "{257A1E85-AC24-4F7B-B939-8FE247DC5E08}"
EndProject
Project("{2150E333-8FDC-42A3-9474-1A3956D46DE8}") = "test", "test", "{9AB0EB10-557F-4508-9731-375B3852ED8F}"
EndProject
Project("{FAE04EC0-301F-11D3-BF4B-00C04F79EFBC}") = "OpenBuffet.Protector.Test", "test\OpenBuffet.Protector.Test\OpenBuffet.Protector.Test.csproj", "{C6A6344A-7808-415B-BADD-797C244B0040}"
EndProject
Project("{FAE04EC0-301F-11D3-BF4B-00C04F79EFBC}") = "OpenBuffet.Protector.Core", "src\OpenBuffet.Protector.Core\OpenBuffet.Protector.Core.csproj", "{30C1EFE5-738E-47F9-96BB-4058B2BA2B55}"
EndProject
Project("{FAE04EC0-301F-11D3-BF4B-00C04F79EFBC}") = "OpenBuffet.Protector.Sample", "sample\OpenBuffet.Protector.Sample\OpenBuffet.Protector.Sample.csproj", "{44395055-A4FA-4C51-8DE5-9C7E36CE4616}"
EndProject
Global
	GlobalSection(SolutionConfigurationPlatforms) = preSolution
		Debug|Any CPU = Debug|Any CPU
		Release|Any CPU = Release|Any CPU
	EndGlobalSection
	GlobalSection(ProjectConfigurationPlatforms) = postSolution
		{C6A6344A-7808-415B-BADD-797C244B0040}.Debug|Any CPU.ActiveCfg = Debug|Any CPU
		{C6A6344A-7808-415B-BADD-797C244B0040}.Debug|Any CPU.Build.0 = Debug|Any CPU
		{C6A6344A-7808-415B-BADD-797C244B0040}.Release|Any CPU.ActiveCfg = Release|Any CPU
		{C6A6344A-7808-415B-BADD-797C244B0040}.Release|Any CPU.Build.0 = Release|Any CPU
		{30C1EFE5-738E-47F9-96BB-4058B2BA2B55}.Debug|Any CPU.ActiveCfg = Debug|Any CPU
		{30C1EFE5-738E-47F9-96BB-4058B2BA2B55}.Debug|Any CPU.Build.0 = Debug|Any CPU
		{30C1EFE5-738E-47F9-96BB-4058B2BA2B55}.Release|Any CPU.ActiveCfg = Release|Any CPU
		{30C1EFE5-738E-47F9-96BB-4058B2BA2B55}.Release|Any CPU.Build.0 = Release|Any CPU
		{44395055-A4FA-4C51-8DE5-9C7E36CE4616}.Debug|Any CPU.ActiveCfg = Debug|Any CPU
		{44395055-A4FA-4C51-8DE5-9C7E36CE4616}.Debug|Any CPU.Build.0 = Debug|Any CPU
		{44395055-A4FA-4C51-8DE5-9C7E36CE4616}.Release|Any CPU.ActiveCfg = Release|Any CPU
		{44395055-A4FA-4C51-8DE5-9C7E36CE4616}.Release|Any CPU.Build.0 = Release|Any CPU
	EndGlobalSection
	GlobalSection(SolutionProperties) = preSolution
		HideSolutionNode = FALSE
	EndGlobalSection
	GlobalSection(NestedProjects) = preSolution
		{C6A6344A-7808-415B-BADD-797C244B0040} = {9AB0EB10-557F-4508-9731-375B3852ED8F}
		{30C1EFE5-738E-47F9-96BB-4058B2BA2B55} = {53F9912D-1106-4AF9-87CA-25D221D76B3A}
		{44395055-A4FA-4C51-8DE5-9C7E36CE4616} = {257A1E85-AC24-4F7B-B939-8FE247DC5E08}
	EndGlobalSection
EndGlobal
